
Microsoft Visual Studio Solution File, Format Version 11.00
# Visual C# Express 2010
Project("{FAE04EC0-301F-11D3-BF4B-00C04F79EFBC}") = "RPGActionBarDemo", "RPGActionBarDemo\RPGActionBarDemo\RPGActionBarDemo.csproj", "{E3F921AA-87A6-477F-ACFB-8F0336FD4AC6}"
EndProject
Project("{96E2B04D-8817-42C6-938A-82C39BA4D311}") = "RPGActionBarDemoContent", "RPGActionBarDemo\RPGActionBarDemoContent\RPGActionBarDemoContent.contentproj", "{64FED136-77FD-4924-9388-CC86312ED646}"
EndProject
Global
	GlobalSection(SolutionConfigurationPlatforms) = preSolution
		Debug|x86 = Debug|x86
		Release|x86 = Release|x86
	EndGlobalSection
	GlobalSection(ProjectConfigurationPlatforms) = postSolution
		{E3F921AA-87A6-477F-ACFB-8F0336FD4AC6}.Debug|x86.ActiveCfg = Debug|x86
		{E3F921AA-87A6-477F-ACFB-8F0336FD4AC6}.Debug|x86.Build.0 = Debug|x86
		{E3F921AA-87A6-477F-ACFB-8F0336FD4AC6}.Release|x86.ActiveCfg = Release|x86
		{E3F921AA-87A6-477F-ACFB-8F0336FD4AC6}.Release|x86.Build.0 = Release|x86
		{64FED136-77FD-4924-9388-CC86312ED646}.Debug|x86.ActiveCfg = Debug|x86
		{64FED136-77FD-4924-9388-CC86312ED646}.Release|x86.ActiveCfg = Release|x86
	EndGlobalSection
	GlobalSection(SolutionProperties) = preSolution
		HideSolutionNode = FALSE
	EndGlobalSection
EndGlobal
