
Microsoft Visual Studio Solution File, Format Version 12.00
# Visual Studio 2017
Project("{FAE04EC0-301F-11D3-BF4B-00C04F79EFBC}") = "PrefabProfiler", "PrefabProfiler.csproj", "{379F75B2-E130-60E5-2662-4AB7550E9D5A}"
EndProject
Global
	GlobalSection(SolutionConfigurationPlatforms) = preSolution
		Debug|Any CPU = Debug|Any CPU
		Release|Any CPU = Release|Any CPU
	EndGlobalSection
	GlobalSection(ProjectConfigurationPlatforms) = postSolution
		{379F75B2-E130-60E5-2662-4AB7550E9D5A}.Debug|Any CPU.ActiveCfg = Debug|Any CPU
		{379F75B2-E130-60E5-2662-4AB7550E9D5A}.Debug|Any CPU.Build.0 = Debug|Any CPU
		{379F75B2-E130-60E5-2662-4AB7550E9D5A}.Release|Any CPU.ActiveCfg = Release|Any CPU
		{379F75B2-E130-60E5-2662-4AB7550E9D5A}.Release|Any CPU.Build.0 = Release|Any CPU
	EndGlobalSection
	GlobalSection(SolutionProperties) = preSolution
		HideSolutionNode = FALSE
	EndGlobalSection
EndGlobal
