
Microsoft Visual Studio Solution File, Format Version 12.00
# Visual Studio 2015
Project("{FAE04EC0-301F-11D3-BF4B-00C04F79EFBC}") = "apartment_demo.CSharp", "apartment_demo.CSharp.csproj", "{FC42A319-BD61-54E2-1E18-88772CB8FE2B}"
EndProject
Global
	GlobalSection(SolutionConfigurationPlatforms) = preSolution
		Debug|Any CPU = Debug|Any CPU
		Release|Any CPU = Release|Any CPU
	EndGlobalSection
	GlobalSection(ProjectConfigurationPlatforms) = postSolution
		{FC42A319-BD61-54E2-1E18-88772CB8FE2B}.Debug|Any CPU.ActiveCfg = Debug|Any CPU
		{FC42A319-BD61-54E2-1E18-88772CB8FE2B}.Debug|Any CPU.Build.0 = Debug|Any CPU
		{FC42A319-BD61-54E2-1E18-88772CB8FE2B}.Release|Any CPU.ActiveCfg = Release|Any CPU
		{FC42A319-BD61-54E2-1E18-88772CB8FE2B}.Release|Any CPU.Build.0 = Release|Any CPU
	EndGlobalSection
	GlobalSection(SolutionProperties) = preSolution
		HideSolutionNode = FALSE
	EndGlobalSection
EndGlobal
