
Microsoft Visual Studio Solution File, Format Version 10.00
# Visual Studio 2008
# SharpDevelop 3.1.0.4977
Project("{FAE04EC0-301F-11D3-BF4B-00C04F79EFBC}") = "filehomer", "filehomer.csproj", "{AC300CE9-4267-4FFD-8AC6-EDBA43C650C7}"
EndProject
Global
	GlobalSection(SolutionConfigurationPlatforms) = preSolution
		Debug|Any CPU = Debug|Any CPU
		Release|Any CPU = Release|Any CPU
	EndGlobalSection
	GlobalSection(ProjectConfigurationPlatforms) = postSolution
		{AC300CE9-4267-4FFD-8AC6-EDBA43C650C7}.Debug|Any CPU.Build.0 = Debug|x86
		{AC300CE9-4267-4FFD-8AC6-EDBA43C650C7}.Debug|Any CPU.ActiveCfg = Debug|x86
		{AC300CE9-4267-4FFD-8AC6-EDBA43C650C7}.Release|Any CPU.Build.0 = Release|x86
		{AC300CE9-4267-4FFD-8AC6-EDBA43C650C7}.Release|Any CPU.ActiveCfg = Release|x86
	EndGlobalSection
EndGlobal
